
Microsoft Visual Studio Solution File, Format Version 12.00
# Visual Studio 15
VisualStudioVersion = 15.0.27004.2002
MinimumVisualStudioVersion = 10.0.40219.1
Project("{FAE04EC0-301F-11D3-BF4B-00C04F79EFBC}") = "NP.XAMLIntellisenseExtensionForVS2017", "NP.XAMLIntellisenseExtensionForVS2017.csproj", "{20C39D0A-9D5A-45E6-BFD4-D9B37380D86C}"
EndProject
Global
	GlobalSection(SolutionConfigurationPlatforms) = preSolution
		Debug|Any CPU = Debug|Any CPU
		Release|Any CPU = Release|Any CPU
	EndGlobalSection
	GlobalSection(ProjectConfigurationPlatforms) = postSolution
		{20C39D0A-9D5A-45E6-BFD4-D9B37380D86C}.Debug|Any CPU.ActiveCfg = Debug|Any CPU
		{20C39D0A-9D5A-45E6-BFD4-D9B37380D86C}.Debug|Any CPU.Build.0 = Debug|Any CPU
		{20C39D0A-9D5A-45E6-BFD4-D9B37380D86C}.Release|Any CPU.ActiveCfg = Release|Any CPU
		{20C39D0A-9D5A-45E6-BFD4-D9B37380D86C}.Release|Any CPU.Build.0 = Release|Any CPU
	EndGlobalSection
	GlobalSection(SolutionProperties) = preSolution
		HideSolutionNode = FALSE
	EndGlobalSection
	GlobalSection(ExtensibilityGlobals) = postSolution
		SolutionGuid = {4CD2C8F5-F7D3-4B96-8DDD-B17964D8BE5A}
	EndGlobalSection
EndGlobal
