
Microsoft Visual Studio Solution File, Format Version 12.00
# Visual Studio 15
VisualStudioVersion = 15.0.27004.2002
MinimumVisualStudioVersion = 10.0.40219.1
Project("{FAE04EC0-301F-11D3-BF4B-00C04F79EFBC}") = "IntellisenseUI", "IntellisenseUI.csproj", "{EE74B176-47CA-4E69-9152-66253E75E89B}"
EndProject
Global
	GlobalSection(SolutionConfigurationPlatforms) = preSolution
		Debug|Any CPU = Debug|Any CPU
		Release|Any CPU = Release|Any CPU
	EndGlobalSection
	GlobalSection(ProjectConfigurationPlatforms) = postSolution
		{EE74B176-47CA-4E69-9152-66253E75E89B}.Debug|Any CPU.ActiveCfg = Debug|Any CPU
		{EE74B176-47CA-4E69-9152-66253E75E89B}.Debug|Any CPU.Build.0 = Debug|Any CPU
		{EE74B176-47CA-4E69-9152-66253E75E89B}.Release|Any CPU.ActiveCfg = Release|Any CPU
		{EE74B176-47CA-4E69-9152-66253E75E89B}.Release|Any CPU.Build.0 = Release|Any CPU
	EndGlobalSection
	GlobalSection(SolutionProperties) = preSolution
		HideSolutionNode = FALSE
	EndGlobalSection
	GlobalSection(ExtensibilityGlobals) = postSolution
		SolutionGuid = {AD98388A-C04F-46A8-92CD-F88F30D37BFC}
	EndGlobalSection
EndGlobal
